
Microsoft Visual Studio Solution File, Format Version 12.00
# Visual Studio 2012
Project("{FAE04EC0-301F-11D3-BF4B-00C04F79EFBC}") = "JustToEat", "JustToEat\JustToEat.csproj", "{8855EDA9-3D76-42D4-926C-EF2193B4E295}"
EndProject
Project("{FAE04EC0-301F-11D3-BF4B-00C04F79EFBC}") = "JustToEatTest", "JustToEatTest\JustToEatTest.csproj", "{F560D205-10C8-4127-8252-F968A291D5FF}"
EndProject
Global
	GlobalSection(SolutionConfigurationPlatforms) = preSolution
		Debug|Any CPU = Debug|Any CPU
		Release|Any CPU = Release|Any CPU
	EndGlobalSection
	GlobalSection(ProjectConfigurationPlatforms) = postSolution
		{8855EDA9-3D76-42D4-926C-EF2193B4E295}.Debug|Any CPU.ActiveCfg = Debug|Any CPU
		{8855EDA9-3D76-42D4-926C-EF2193B4E295}.Debug|Any CPU.Build.0 = Debug|Any CPU
		{8855EDA9-3D76-42D4-926C-EF2193B4E295}.Release|Any CPU.ActiveCfg = Release|Any CPU
		{8855EDA9-3D76-42D4-926C-EF2193B4E295}.Release|Any CPU.Build.0 = Release|Any CPU
		{F560D205-10C8-4127-8252-F968A291D5FF}.Debug|Any CPU.ActiveCfg = Debug|Any CPU
		{F560D205-10C8-4127-8252-F968A291D5FF}.Debug|Any CPU.Build.0 = Debug|Any CPU
		{F560D205-10C8-4127-8252-F968A291D5FF}.Release|Any CPU.ActiveCfg = Release|Any CPU
		{F560D205-10C8-4127-8252-F968A291D5FF}.Release|Any CPU.Build.0 = Release|Any CPU
	EndGlobalSection
EndGlobal
